
Microsoft Visual Studio Solution File, Format Version 12.00
# Visual Studio Version 17
VisualStudioVersion = 17.13.35931.197 d17.13
MinimumVisualStudioVersion = 10.0.40219.1
Project("{FAE04EC0-301F-11D3-BF4B-00C04F79EFBC}") = "FinanceApp", "FinanceApp.csproj", "{C26136D2-378F-4DA9-805A-D6BA443FF191}"
EndProject
Global
	GlobalSection(SolutionConfigurationPlatforms) = preSolution
		Debug|Any CPU = Debug|Any CPU
		Release|Any CPU = Release|Any CPU
	EndGlobalSection
	GlobalSection(ProjectConfigurationPlatforms) = postSolution
		{C26136D2-378F-4DA9-805A-D6BA443FF191}.Debug|Any CPU.ActiveCfg = Debug|Any CPU
		{C26136D2-378F-4DA9-805A-D6BA443FF191}.Debug|Any CPU.Build.0 = Debug|Any CPU
		{C26136D2-378F-4DA9-805A-D6BA443FF191}.Release|Any CPU.ActiveCfg = Release|Any CPU
		{C26136D2-378F-4DA9-805A-D6BA443FF191}.Release|Any CPU.Build.0 = Release|Any CPU
	EndGlobalSection
	GlobalSection(SolutionProperties) = preSolution
		HideSolutionNode = FALSE
	EndGlobalSection
	GlobalSection(ExtensibilityGlobals) = postSolution
		SolutionGuid = {4ED330FA-A5A2-46A7-8B40-44F5752A22A7}
	EndGlobalSection
EndGlobal
